# This file is generated by running "yarn install" inside your project.
# Manual changes might be lost - proceed with caution!

__metadata:
  version: 4
  cacheKey: 8

"create-gogen@workspace:.":
  version: 0.0.0-use.local
  resolution: "create-gogen@workspace:."
  dependencies:
    gogen: ^1.1.1
  bin:
    create-gogen: cli.js
  languageName: unknown
  linkType: soft

"gogen@npm:^1.1.1":
  version: 1.1.1
  resolution: "gogen@npm:1.1.1"
  bin:
    gogen: cli.js
  checksum: 2dc26f3bc7fc5649d5406b0101e8dd8209d178fd17efca5758ee8279592bd3455ae64d9ca1bba2b73a8fcbfc8511a7bd41100bfc098dad607836a04fe435c744
  languageName: node
  linkType: hard
