# THIS IS AN AUTOGENERATED FILE. DO NOT EDIT THIS FILE DIRECTLY.
# yarn lockfile v1


ejs@^2.6.1:
  version "2.6.1"
  resolved "https://registry.yarnpkg.com/ejs/-/ejs-2.6.1.tgz#498ec0d495655abc6f23cd61868d926464071aa0"
  integrity sha512-0xy4A/twfrRCnkhfk8ErDi5DqdAsAqeGxht4xkCUrsvhhbQNs7E+4jV0CN7+NKIY0aHE72+XvqtBIXzD31ZbXQ==

gogen@^0.0.1:
  version "0.0.1"
  resolved "https://registry.yarnpkg.com/gogen/-/gogen-0.0.1.tgz#296301c90ae933108400dc6939f8a38098b6a38b"
  integrity sha512-395vZjcpMB6T3+vOphiKZiEhiYs9Y8/Y350P0D1OPR4DM6kbsRwypv2j0b4KemrceFxxPdFKUSoWkAr+XJRjvg==
